PODS:
  - Alamofire (4.4.0)
  - SidebarOverlay (3.1.0)
  - SwiftLint (0.17.0)
  - SwiftyJSON (3.1.4)

DEPENDENCIES:
  - Alamofire (~> 4.2)
  - SidebarOverlay (~> 3.1)
  - SwiftLint
  - SwiftyJSON

SPEC CHECKSUMS:
  Alamofire: dc44b1600b800eb63da6a19039a0083d62a6a62d
  SidebarOverlay: 04eee5de00d4c71a4381f937d9bdf7b3c9d7d1e7
  SwiftLint: 9fb1dd71d5952d130f8c2fb60ae2e1475cf5d575
  SwiftyJSON: c2842d878f95482ffceec5709abc3d05680c0220

PODFILE CHECKSUM: 75ad6be395681e48e309c3905d5b7c7f5d0f8be7

COCOAPODS: 1.1.1
